
Microsoft Visual Studio Solution File, Format Version 12.00
# Visual Studio Version 16
VisualStudioVersion = 16.0.31515.178
MinimumVisualStudioVersion = 10.0.40219.1
Project("{FAE04EC0-301F-11D3-BF4B-00C04F79EFBC}") = "PresentacionConsola", "PresentacionConsola\PresentacionConsola.csproj", "{B7D0F2F0-EEC0-4175-87ED-66E44EE68F32}"
EndProject
Project("{FAE04EC0-301F-11D3-BF4B-00C04F79EFBC}") = "Logica", "Logica\Logica.csproj", "{416459EA-8CA0-44E4-9746-A778E27145F1}"
EndProject
Project("{FAE04EC0-301F-11D3-BF4B-00C04F79EFBC}") = "Datos", "Datos\Datos.csproj", "{28E61C31-1648-48AF-A080-7486C483AF4D}"
EndProject
Project("{FAE04EC0-301F-11D3-BF4B-00C04F79EFBC}") = "Entidades", "Entidades\Entidades.csproj", "{C7897263-C858-46E7-89BA-C21EE6D4CFB7}"
EndProject
Project("{FAE04EC0-301F-11D3-BF4B-00C04F79EFBC}") = "ConsolaTest", "ConsolaTest\ConsolaTest.csproj", "{9EE28770-7373-40C4-A534-C8CD2480890F}"
EndProject
Global
	GlobalSection(SolutionConfigurationPlatforms) = preSolution
		Debug|Any CPU = Debug|Any CPU
		Release|Any CPU = Release|Any CPU
	EndGlobalSection
	GlobalSection(ProjectConfigurationPlatforms) = postSolution
		{B7D0F2F0-EEC0-4175-87ED-66E44EE68F32}.Debug|Any CPU.ActiveCfg = Debug|Any CPU
		{B7D0F2F0-EEC0-4175-87ED-66E44EE68F32}.Debug|Any CPU.Build.0 = Debug|Any CPU
		{B7D0F2F0-EEC0-4175-87ED-66E44EE68F32}.Release|Any CPU.ActiveCfg = Release|Any CPU
		{B7D0F2F0-EEC0-4175-87ED-66E44EE68F32}.Release|Any CPU.Build.0 = Release|Any CPU
		{416459EA-8CA0-44E4-9746-A778E27145F1}.Debug|Any CPU.ActiveCfg = Debug|Any CPU
		{416459EA-8CA0-44E4-9746-A778E27145F1}.Debug|Any CPU.Build.0 = Debug|Any CPU
		{416459EA-8CA0-44E4-9746-A778E27145F1}.Release|Any CPU.ActiveCfg = Release|Any CPU
		{416459EA-8CA0-44E4-9746-A778E27145F1}.Release|Any CPU.Build.0 = Release|Any CPU
		{28E61C31-1648-48AF-A080-7486C483AF4D}.Debug|Any CPU.ActiveCfg = Debug|Any CPU
		{28E61C31-1648-48AF-A080-7486C483AF4D}.Debug|Any CPU.Build.0 = Debug|Any CPU
		{28E61C31-1648-48AF-A080-7486C483AF4D}.Release|Any CPU.ActiveCfg = Release|Any CPU
		{28E61C31-1648-48AF-A080-7486C483AF4D}.Release|Any CPU.Build.0 = Release|Any CPU
		{C7897263-C858-46E7-89BA-C21EE6D4CFB7}.Debug|Any CPU.ActiveCfg = Debug|Any CPU
		{C7897263-C858-46E7-89BA-C21EE6D4CFB7}.Debug|Any CPU.Build.0 = Debug|Any CPU
		{C7897263-C858-46E7-89BA-C21EE6D4CFB7}.Release|Any CPU.ActiveCfg = Release|Any CPU
		{C7897263-C858-46E7-89BA-C21EE6D4CFB7}.Release|Any CPU.Build.0 = Release|Any CPU
		{9EE28770-7373-40C4-A534-C8CD2480890F}.Debug|Any CPU.ActiveCfg = Debug|Any CPU
		{9EE28770-7373-40C4-A534-C8CD2480890F}.Debug|Any CPU.Build.0 = Debug|Any CPU
		{9EE28770-7373-40C4-A534-C8CD2480890F}.Release|Any CPU.ActiveCfg = Release|Any CPU
		{9EE28770-7373-40C4-A534-C8CD2480890F}.Release|Any CPU.Build.0 = Release|Any CPU
	EndGlobalSection
	GlobalSection(SolutionProperties) = preSolution
		HideSolutionNode = FALSE
	EndGlobalSection
	GlobalSection(ExtensibilityGlobals) = postSolution
		SolutionGuid = {04695C6C-12D3-4876-BB8D-4862855AE834}
	EndGlobalSection
EndGlobal
